
Microsoft Visual Studio Solution File, Format Version 12.00
# Visual Studio 15
VisualStudioVersion = 15.0.28307.329
MinimumVisualStudioVersion = 10.0.40219.1
Project("{FAE04EC0-301F-11D3-BF4B-00C04F79EFBC}") = "ProyectoPrograFinal", "ProyectoPrograFinal\ProyectoPrograFinal.csproj", "{B95E7D70-C066-4673-9FA1-CA016D6A8701}"
EndProject
Global
	GlobalSection(SolutionConfigurationPlatforms) = preSolution
		Debug|Any CPU = Debug|Any CPU
		Release|Any CPU = Release|Any CPU
	EndGlobalSection
	GlobalSection(ProjectConfigurationPlatforms) = postSolution
		{B95E7D70-C066-4673-9FA1-CA016D6A8701}.Debug|Any CPU.ActiveCfg = Debug|Any CPU
		{B95E7D70-C066-4673-9FA1-CA016D6A8701}.Debug|Any CPU.Build.0 = Debug|Any CPU
		{B95E7D70-C066-4673-9FA1-CA016D6A8701}.Release|Any CPU.ActiveCfg = Release|Any CPU
		{B95E7D70-C066-4673-9FA1-CA016D6A8701}.Release|Any CPU.Build.0 = Release|Any CPU
	EndGlobalSection
	GlobalSection(SolutionProperties) = preSolution
		HideSolutionNode = FALSE
	EndGlobalSection
	GlobalSection(ExtensibilityGlobals) = postSolution
		SolutionGuid = {81C382FB-76A7-427F-AE89-8B551B34EEE3}
	EndGlobalSection
EndGlobal
